
Microsoft Visual Studio Solution File, Format Version 10.00
# Visual Studio 2008
Project("{8BC9CEB8-8B4A-11D0-8D11-00A0C91BC942}") = "StoreSystem", "StoreSystem.vcproj", "{DDD4E346-EF55-401A-A21B-D2718F87950A}"
EndProject
Global
	GlobalSection(SolutionConfigurationPlatforms) = preSolution
		Debug|Win32 = Debug|Win32
		Release|Win32 = Release|Win32
	EndGlobalSection
	GlobalSection(ProjectConfigurationPlatforms) = postSolution
		{DDD4E346-EF55-401A-A21B-D2718F87950A}.Debug|Win32.ActiveCfg = Debug|Win32
		{DDD4E346-EF55-401A-A21B-D2718F87950A}.Debug|Win32.Build.0 = Debug|Win32
		{DDD4E346-EF55-401A-A21B-D2718F87950A}.Release|Win32.ActiveCfg = Release|Win32
		{DDD4E346-EF55-401A-A21B-D2718F87950A}.Release|Win32.Build.0 = Release|Win32
	EndGlobalSection
	GlobalSection(SolutionProperties) = preSolution
		HideSolutionNode = FALSE
	EndGlobalSection
EndGlobal
